Microsoft Visual Studio Solution File, Format Version 12.00
# Visual Studio Version 17
VisualStudioVersion = 17.5.2.0
MinimumVisualStudioVersion = 10.0.40219.1
Project("{FAE04EC0-301F-11D3-BF4B-00C04F79EFBC}") = "dotnet-semgrep-test", "dotnet-semgrep-test.csproj", "{826B477A-448B-6F41-A5E0-3FD6F8470430}"
EndProject
Global
	GlobalSection(SolutionConfigurationPlatforms) = preSolution
		Debug|Any CPU = Debug|Any CPU
		Release|Any CPU = Release|Any CPU
	EndGlobalSection
	GlobalSection(ProjectConfigurationPlatforms) = postSolution
		{826B477A-448B-6F41-A5E0-3FD6F8470430}.Debug|Any CPU.ActiveCfg = Debug|Any CPU
		{826B477A-448B-6F41-A5E0-3FD6F8470430}.Debug|Any CPU.Build.0 = Debug|Any CPU
		{826B477A-448B-6F41-A5E0-3FD6F8470430}.Release|Any CPU.ActiveCfg = Release|Any CPU
		{826B477A-448B-6F41-A5E0-3FD6F8470430}.Release|Any CPU.Build.0 = Release|Any CPU
	EndGlobalSection
	GlobalSection(SolutionProperties) = preSolution
		HideSolutionNode = FALSE
	EndGlobalSection
	GlobalSection(ExtensibilityGlobals) = postSolution
		SolutionGuid = {6A1BA1F3-B037-44A6-A8FF-BE5228D2B6BF}
	EndGlobalSection
EndGlobal
