{
  "version": 1,
  "dependencies": {
    "net9.0": {
      "Npgsql": {
        "type": "Direct",
        "requested": "[8.0.2, )",
        "resolved": "8.0.2",
        "contentHash": "MuJzLoWCaQhQAR3oh66YR0Ir6mxuezncGX3f8wxvAc21g0+9HICktJQlqMoODhxztZKXE5k9GxRxqUAN+vPb4g==",
        "dependencies": {
          "Microsoft.Extensions.Logging.Abstractions": "8.0.0"
        }
      },
      "Serilog": {
        "type": "Direct",
        "requested": "[4.3.0, )",
        "resolved": "4.3.0",
        "contentHash": "+cDryFR0GRhsGOnZSKwaDzRRl4MupvJ42FhCE4zhQRVanX0Jpg6WuCBk59OVhVDPmab1bB+nRykAnykYELA9qQ=="
      },
      "System.Data.SqlClient": {
        "type": "Direct",
        "requested": "[4.9.1, )",
        "resolved": "4.9.1",
        "contentHash": "A7RK9I4UaVHJ407GTfy37S4ABHt1+lZ+/uoA54zTv0XaaWgHO5BtXSMzMVqB6socIHEeeK5K1YRgaxCEfD79wQ==",
        "dependencies": {
          "runtime.native.System.Data.SqlClient.sni": "4.4.0"
        }
      },
      "Microsoft.Extensions.DependencyInjection.Abstractions": {
        "type": "Transitive",
        "resolved": "8.0.0",
        "contentHash": "cjWrLkJXK0rs4zofsK4bSdg+jhDLTaxrkXu4gS6Y7MAlCvRyNNgwY/lJi5RDlQOnSZweHqoyvgvbdvQsRIW+hg=="
      },
      "Microsoft.Extensions.Logging.Abstractions": {
        "type": "Transitive",
        "resolved": "8.0.0",
        "contentHash": "arDBqTgFCyS0EvRV7O3MZturChstm50OJ0y9bDJvAcmEPJm0FFpFyjU/JLYyStNGGey081DvnQYlncNX5SJJGA==",
        "dependencies": {
          "Microsoft.Extensions.DependencyInjection.Abstractions": "8.0.0"
        }
      },
      "runtime.native.System.Data.SqlClient.sni": {
        "type": "Transitive",
        "resolved": "4.4.0",
        "contentHash": "A8v6PGmk+UGbfWo5Ixup0lPM4swuSwOiayJExZwKIOjTlFFQIsu3QnDXECosBEyrWSPryxBVrdqtJyhK3BaupQ==",
        "dependencies": {
          "runtime.win-arm64.runtime.native.System.Data.SqlClient.sni": "4.4.0",
          "runtime.win-x64.runtime.native.System.Data.SqlClient.sni": "4.4.0",
          "runtime.win-x86.runtime.native.System.Data.SqlClient.sni": "4.4.0"
        }
      },
      "runtime.win-arm64.runtime.native.System.Data.SqlClient.sni": {
        "type": "Transitive",
        "resolved": "4.4.0",
        "contentHash": "LbrynESTp3bm5O/+jGL8v0Qg5SJlTV08lpIpFesXjF6uGNMWqFnUQbYBJwZTeua6E/Y7FIM1C54Ey1btLWupdg=="
      },
      "runtime.win-x64.runtime.native.System.Data.SqlClient.sni": {
        "type": "Transitive",
        "resolved": "4.4.0",
        "contentHash": "38ugOfkYJqJoX9g6EYRlZB5U2ZJH51UP8ptxZgdpS07FgOEToV+lS11ouNK2PM12Pr6X/PpT5jK82G3DwH/SxQ=="
      },
      "runtime.win-x86.runtime.native.System.Data.SqlClient.sni": {
        "type": "Transitive",
        "resolved": "4.4.0",
        "contentHash": "YhEdSQUsTx+C8m8Bw7ar5/VesXvCFMItyZF7G1AUY+OM0VPZUOeAVpJ4Wl6fydBGUYZxojTDR3I6Bj/+BPkJNA=="
      }
    }
  }
}